{
  "name": "@mist-cloud-eu/mist-tools-ts",
  "version": "1.0.0",
  "lockfileVersion": 2,
  "requires": true,
  "packages": {
    "": {
      "name": "@mist-cloud-eu/mist-tools-ts",
      "version": "1.0.0",
      "license": "ISC",
      "dependencies": {
        "@mistware/http-lib": "^1.0.0"
      },
      "devDependencies": {
        "@types/node": "^16.11.64"
      }
    },
    "node_modules/@mistware/http-lib": {
      "version": "1.0.0",
      "resolved": "https://registry.npmjs.org/@mistware/http-lib/-/http-lib-1.0.0.tgz",
      "integrity": "sha512-RAWC10wh++8mgt+GeU33MTJmT9Ok1sUQ28mcLlqQ+zKd8KsAj86smNfvZzxQfWh6xKM2JCKgNryCRXONkMoxZw=="
    },
    "node_modules/@types/node": {
      "version": "16.11.64",
      "resolved": "https://registry.npmjs.org/@types/node/-/node-16.11.64.tgz",
      "integrity": "sha512-z5hPTlVFzNwtJ2LNozTpJcD1Cu44c4LNuzaq1mwxmiHWQh2ULdR6Vjwo1UGldzRpzL0yUEdZddnfqGW2G70z6Q==",
      "dev": true
    }
  },
  "dependencies": {
    "@mistware/http-lib": {
      "version": "1.0.0",
      "resolved": "https://registry.npmjs.org/@mistware/http-lib/-/http-lib-1.0.0.tgz",
      "integrity": "sha512-RAWC10wh++8mgt+GeU33MTJmT9Ok1sUQ28mcLlqQ+zKd8KsAj86smNfvZzxQfWh6xKM2JCKgNryCRXONkMoxZw=="
    },
    "@types/node": {
      "version": "16.11.64",
      "resolved": "https://registry.npmjs.org/@types/node/-/node-16.11.64.tgz",
      "integrity": "sha512-z5hPTlVFzNwtJ2LNozTpJcD1Cu44c4LNuzaq1mwxmiHWQh2ULdR6Vjwo1UGldzRpzL0yUEdZddnfqGW2G70z6Q==",
      "dev": true
    }
  }
}
